
Microsoft Visual Studio Solution File, Format Version 12.00
# Visual Studio Version 17
VisualStudioVersion = 17.14.36310.24 d17.14
MinimumVisualStudioVersion = 10.0.40219.1
Project("{8BC9CEB8-8B4A-11D0-8D11-00A0C91BC942}") = "L20260827C++", "L20260827C++.vcxproj", "{0BB85BF1-449E-492E-BDE2-A47DBFF819BD}"
EndProject
Global
	GlobalSection(SolutionConfigurationPlatforms) = preSolution
		Debug|x64 = Debug|x64
		Debug|x86 = Debug|x86
		Release|x64 = Release|x64
		Release|x86 = Release|x86
	EndGlobalSection
	GlobalSection(ProjectConfigurationPlatforms) = postSolution
		{0BB85BF1-449E-492E-BDE2-A47DBFF819BD}.Debug|x64.ActiveCfg = Debug|x64
		{0BB85BF1-449E-492E-BDE2-A47DBFF819BD}.Debug|x64.Build.0 = Debug|x64
		{0BB85BF1-449E-492E-BDE2-A47DBFF819BD}.Debug|x86.ActiveCfg = Debug|Win32
		{0BB85BF1-449E-492E-BDE2-A47DBFF819BD}.Debug|x86.Build.0 = Debug|Win32
		{0BB85BF1-449E-492E-BDE2-A47DBFF819BD}.Release|x64.ActiveCfg = Release|x64
		{0BB85BF1-449E-492E-BDE2-A47DBFF819BD}.Release|x64.Build.0 = Release|x64
		{0BB85BF1-449E-492E-BDE2-A47DBFF819BD}.Release|x86.ActiveCfg = Release|Win32
		{0BB85BF1-449E-492E-BDE2-A47DBFF819BD}.Release|x86.Build.0 = Release|Win32
	EndGlobalSection
	GlobalSection(SolutionProperties) = preSolution
		HideSolutionNode = FALSE
	EndGlobalSection
	GlobalSection(ExtensibilityGlobals) = postSolution
		SolutionGuid = {A82BDE1C-FB7B-4CF3-B5BA-2412EA39643E}
	EndGlobalSection
EndGlobal
